
Microsoft Visual Studio Solution File, Format Version 12.00
# Visual Studio Version 17
VisualStudioVersion = 17.9.34728.123
MinimumVisualStudioVersion = 10.0.40219.1
Project("{FAE04EC0-301F-11D3-BF4B-00C04F79EFBC}") = "ComicSort.UI", "ComicSort.UI\ComicSort.UI.csproj", "{61117B26-BD6A-497F-AD2E-AA9A026716D9}"
EndProject
Project("{FAE04EC0-301F-11D3-BF4B-00C04F79EFBC}") = "ComicSort.Core", "ComicSort.Core\ComicSort.Core.csproj", "{81B01A5C-590F-405A-B7F7-F6132C84A887}"
EndProject
Global
	GlobalSection(SolutionConfigurationPlatforms) = preSolution
		Debug|Any CPU = Debug|Any CPU
		Release|Any CPU = Release|Any CPU
	EndGlobalSection
	GlobalSection(ProjectConfigurationPlatforms) = postSolution
		{61117B26-BD6A-497F-AD2E-AA9A026716D9}.Debug|Any CPU.ActiveCfg = Debug|Any CPU
		{61117B26-BD6A-497F-AD2E-AA9A026716D9}.Debug|Any CPU.Build.0 = Debug|Any CPU
		{61117B26-BD6A-497F-AD2E-AA9A026716D9}.Release|Any CPU.ActiveCfg = Release|Any CPU
		{61117B26-BD6A-497F-AD2E-AA9A026716D9}.Release|Any CPU.Build.0 = Release|Any CPU
		{81B01A5C-590F-405A-B7F7-F6132C84A887}.Debug|Any CPU.ActiveCfg = Debug|Any CPU
		{81B01A5C-590F-405A-B7F7-F6132C84A887}.Debug|Any CPU.Build.0 = Debug|Any CPU
		{81B01A5C-590F-405A-B7F7-F6132C84A887}.Release|Any CPU.ActiveCfg = Release|Any CPU
		{81B01A5C-590F-405A-B7F7-F6132C84A887}.Release|Any CPU.Build.0 = Release|Any CPU
	EndGlobalSection
	GlobalSection(SolutionProperties) = preSolution
		HideSolutionNode = FALSE
	EndGlobalSection
	GlobalSection(ExtensibilityGlobals) = postSolution
		SolutionGuid = {92D71D8A-8BFD-4C3D-AFEA-7D209745D844}
	EndGlobalSection
EndGlobal
